
Microsoft Visual Studio Solution File, Format Version 12.00
# Visual Studio Version 17
VisualStudioVersion = 17.4.33403.182
MinimumVisualStudioVersion = 10.0.40219.1
Project("{9A19103F-16F7-4668-BE54-9A1E7A4F7556}") = "01.Person", "01.Person\01.Person.csproj", "{D252D7E5-8D23-4FFF-8A2D-2DE9BBB3B913}"
EndProject
Project("{9A19103F-16F7-4668-BE54-9A1E7A4F7556}") = "02.Zoo", "02.Zoo\02.Zoo.csproj", "{62E28E4D-E638-45D2-B234-FF4E3136EFF8}"
EndProject
Project("{9A19103F-16F7-4668-BE54-9A1E7A4F7556}") = "06.Animals", "06.Animals\06.Animals.csproj", "{D5755ADA-BA72-44E8-91C5-66BF1446B3D0}"
EndProject
Project("{9A19103F-16F7-4668-BE54-9A1E7A4F7556}") = "03.PlayersAndMonsters", "03.PlayersAndMonsters\03.PlayersAndMonsters.csproj", "{54CF2DD7-1903-4572-92AF-244356D562EF}"
EndProject
Project("{9A19103F-16F7-4668-BE54-9A1E7A4F7556}") = "04.NeedForSpeed", "04.NeedForSpeed\04.NeedForSpeed.csproj", "{910B7141-2DE0-44B7-B6E6-02C009C5356F}"
EndProject
Project("{9A19103F-16F7-4668-BE54-9A1E7A4F7556}") = "05.Restaurant", "05.Restaurant\05.Restaurant.csproj", "{CAC1EF6A-F590-4B78-AE59-6FFBFB681BE2}"
EndProject
Global
	GlobalSection(SolutionConfigurationPlatforms) = preSolution
		Debug|Any CPU = Debug|Any CPU
		Release|Any CPU = Release|Any CPU
	EndGlobalSection
	GlobalSection(ProjectConfigurationPlatforms) = postSolution
		{D252D7E5-8D23-4FFF-8A2D-2DE9BBB3B913}.Debug|Any CPU.ActiveCfg = Debug|Any CPU
		{D252D7E5-8D23-4FFF-8A2D-2DE9BBB3B913}.Debug|Any CPU.Build.0 = Debug|Any CPU
		{D252D7E5-8D23-4FFF-8A2D-2DE9BBB3B913}.Release|Any CPU.ActiveCfg = Release|Any CPU
		{D252D7E5-8D23-4FFF-8A2D-2DE9BBB3B913}.Release|Any CPU.Build.0 = Release|Any CPU
		{62E28E4D-E638-45D2-B234-FF4E3136EFF8}.Debug|Any CPU.ActiveCfg = Debug|Any CPU
		{62E28E4D-E638-45D2-B234-FF4E3136EFF8}.Debug|Any CPU.Build.0 = Debug|Any CPU
		{62E28E4D-E638-45D2-B234-FF4E3136EFF8}.Release|Any CPU.ActiveCfg = Release|Any CPU
		{62E28E4D-E638-45D2-B234-FF4E3136EFF8}.Release|Any CPU.Build.0 = Release|Any CPU
		{D5755ADA-BA72-44E8-91C5-66BF1446B3D0}.Debug|Any CPU.ActiveCfg = Debug|Any CPU
		{D5755ADA-BA72-44E8-91C5-66BF1446B3D0}.Debug|Any CPU.Build.0 = Debug|Any CPU
		{D5755ADA-BA72-44E8-91C5-66BF1446B3D0}.Release|Any CPU.ActiveCfg = Release|Any CPU
		{D5755ADA-BA72-44E8-91C5-66BF1446B3D0}.Release|Any CPU.Build.0 = Release|Any CPU
		{54CF2DD7-1903-4572-92AF-244356D562EF}.Debug|Any CPU.ActiveCfg = Debug|Any CPU
		{54CF2DD7-1903-4572-92AF-244356D562EF}.Debug|Any CPU.Build.0 = Debug|Any CPU
		{54CF2DD7-1903-4572-92AF-244356D562EF}.Release|Any CPU.ActiveCfg = Release|Any CPU
		{54CF2DD7-1903-4572-92AF-244356D562EF}.Release|Any CPU.Build.0 = Release|Any CPU
		{910B7141-2DE0-44B7-B6E6-02C009C5356F}.Debug|Any CPU.ActiveCfg = Debug|Any CPU
		{910B7141-2DE0-44B7-B6E6-02C009C5356F}.Debug|Any CPU.Build.0 = Debug|Any CPU
		{910B7141-2DE0-44B7-B6E6-02C009C5356F}.Release|Any CPU.ActiveCfg = Release|Any CPU
		{910B7141-2DE0-44B7-B6E6-02C009C5356F}.Release|Any CPU.Build.0 = Release|Any CPU
		{CAC1EF6A-F590-4B78-AE59-6FFBFB681BE2}.Debug|Any CPU.ActiveCfg = Debug|Any CPU
		{CAC1EF6A-F590-4B78-AE59-6FFBFB681BE2}.Debug|Any CPU.Build.0 = Debug|Any CPU
		{CAC1EF6A-F590-4B78-AE59-6FFBFB681BE2}.Release|Any CPU.ActiveCfg = Release|Any CPU
		{CAC1EF6A-F590-4B78-AE59-6FFBFB681BE2}.Release|Any CPU.Build.0 = Release|Any CPU
	EndGlobalSection
	GlobalSection(SolutionProperties) = preSolution
		HideSolutionNode = FALSE
	EndGlobalSection
	GlobalSection(ExtensibilityGlobals) = postSolution
		SolutionGuid = {93852028-F0A8-48C9-962F-B092C1924B6F}
	EndGlobalSection
EndGlobal
