
Microsoft Visual Studio Solution File, Format Version 12.00
# Visual Studio Version 17
VisualStudioVersion = 17.5.33516.290
MinimumVisualStudioVersion = 10.0.40219.1
Project("{FAE04EC0-301F-11D3-BF4B-00C04F79EFBC}") = "01.Structure", "01.Structure\01.Structure.csproj", "{A735528A-E708-45CA-A036-23F4D029CECD}"
EndProject
Global
	GlobalSection(SolutionConfigurationPlatforms) = preSolution
		Debug|Any CPU = Debug|Any CPU
		Release|Any CPU = Release|Any CPU
	EndGlobalSection
	GlobalSection(ProjectConfigurationPlatforms) = postSolution
		{A735528A-E708-45CA-A036-23F4D029CECD}.Debug|Any CPU.ActiveCfg = Debug|Any CPU
		{A735528A-E708-45CA-A036-23F4D029CECD}.Debug|Any CPU.Build.0 = Debug|Any CPU
		{A735528A-E708-45CA-A036-23F4D029CECD}.Release|Any CPU.ActiveCfg = Release|Any CPU
		{A735528A-E708-45CA-A036-23F4D029CECD}.Release|Any CPU.Build.0 = Release|Any CPU
	EndGlobalSection
	GlobalSection(SolutionProperties) = preSolution
		HideSolutionNode = FALSE
	EndGlobalSection
	GlobalSection(ExtensibilityGlobals) = postSolution
		SolutionGuid = {7A361464-1603-402C-9134-675BA9186529}
	EndGlobalSection
EndGlobal
