
Microsoft Visual Studio Solution File, Format Version 12.00
# Visual Studio Version 17
VisualStudioVersion = 17.4.33403.182
MinimumVisualStudioVersion = 10.0.40219.1
Project("{9A19103F-16F7-4668-BE54-9A1E7A4F7556}") = "01.Vehicles", "01.Vehicles\01.Vehicles.csproj", "{209FECB9-AD52-4EB0-8601-473F240BD6B8}"
EndProject
Project("{9A19103F-16F7-4668-BE54-9A1E7A4F7556}") = "02.VehiclesExtension", "02.VehiclesExtension\02.VehiclesExtension.csproj", "{48385428-69A3-469B-BBCA-EEA1FEF4929F}"
EndProject
Project("{FAE04EC0-301F-11D3-BF4B-00C04F79EFBC}") = "03.Raiding", "03.Raiding\03.Raiding.csproj", "{8050FC7A-0ADE-44C1-A3F4-1C39A54ABE50}"
EndProject
Project("{FAE04EC0-301F-11D3-BF4B-00C04F79EFBC}") = "04.WildFarm", "04.WildFarm\04.WildFarm.csproj", "{B3FBDF26-E7E4-4666-ACCB-98E98A7AA6D4}"
EndProject
Global
	GlobalSection(SolutionConfigurationPlatforms) = preSolution
		Debug|Any CPU = Debug|Any CPU
		Release|Any CPU = Release|Any CPU
	EndGlobalSection
	GlobalSection(ProjectConfigurationPlatforms) = postSolution
		{209FECB9-AD52-4EB0-8601-473F240BD6B8}.Debug|Any CPU.ActiveCfg = Debug|Any CPU
		{209FECB9-AD52-4EB0-8601-473F240BD6B8}.Debug|Any CPU.Build.0 = Debug|Any CPU
		{209FECB9-AD52-4EB0-8601-473F240BD6B8}.Release|Any CPU.ActiveCfg = Release|Any CPU
		{209FECB9-AD52-4EB0-8601-473F240BD6B8}.Release|Any CPU.Build.0 = Release|Any CPU
		{48385428-69A3-469B-BBCA-EEA1FEF4929F}.Debug|Any CPU.ActiveCfg = Debug|Any CPU
		{48385428-69A3-469B-BBCA-EEA1FEF4929F}.Debug|Any CPU.Build.0 = Debug|Any CPU
		{48385428-69A3-469B-BBCA-EEA1FEF4929F}.Release|Any CPU.ActiveCfg = Release|Any CPU
		{48385428-69A3-469B-BBCA-EEA1FEF4929F}.Release|Any CPU.Build.0 = Release|Any CPU
		{8050FC7A-0ADE-44C1-A3F4-1C39A54ABE50}.Debug|Any CPU.ActiveCfg = Debug|Any CPU
		{8050FC7A-0ADE-44C1-A3F4-1C39A54ABE50}.Debug|Any CPU.Build.0 = Debug|Any CPU
		{8050FC7A-0ADE-44C1-A3F4-1C39A54ABE50}.Release|Any CPU.ActiveCfg = Release|Any CPU
		{8050FC7A-0ADE-44C1-A3F4-1C39A54ABE50}.Release|Any CPU.Build.0 = Release|Any CPU
		{B3FBDF26-E7E4-4666-ACCB-98E98A7AA6D4}.Debug|Any CPU.ActiveCfg = Debug|Any CPU
		{B3FBDF26-E7E4-4666-ACCB-98E98A7AA6D4}.Debug|Any CPU.Build.0 = Debug|Any CPU
		{B3FBDF26-E7E4-4666-ACCB-98E98A7AA6D4}.Release|Any CPU.ActiveCfg = Release|Any CPU
		{B3FBDF26-E7E4-4666-ACCB-98E98A7AA6D4}.Release|Any CPU.Build.0 = Release|Any CPU
	EndGlobalSection
	GlobalSection(SolutionProperties) = preSolution
		HideSolutionNode = FALSE
	EndGlobalSection
	GlobalSection(ExtensibilityGlobals) = postSolution
		SolutionGuid = {58E98674-992A-47D6-8626-FA440B92DF7E}
	EndGlobalSection
EndGlobal
